
Microsoft Visual Studio Solution File, Format Version 12.00
# Visual Studio 15
VisualStudioVersion = 15.0.27428.2037
MinimumVisualStudioVersion = 10.0.40219.1
Project("{2150E333-8FDC-42A3-9474-1A3956D46DE8}") = "App", "App", "{E569F66A-DEA9-4F1C-BFDD-1AFD45F05699}"
EndProject
Project("{2150E333-8FDC-42A3-9474-1A3956D46DE8}") = "Games", "Games", "{EE95B776-81FA-4D52-A580-11DC22B76688}"
EndProject
Project("{2150E333-8FDC-42A3-9474-1A3956D46DE8}") = "TBS", "TBS", "{3FB78F5C-322D-49E1-9506-50DAC05CBC80}"
EndProject
Project("{2150E333-8FDC-42A3-9474-1A3956D46DE8}") = "RTS", "RTS", "{53FA1A87-4402-4978-AE27-1F3926A87A06}"
EndProject
Project("{2150E333-8FDC-42A3-9474-1A3956D46DE8}") = "FPS", "FPS", "{C227705E-7785-4CDE-AD9A-4144CA0C91F0}"
EndProject
Project("{2150E333-8FDC-42A3-9474-1A3956D46DE8}") = "Educational", "Educational", "{AB1ABACD-22E5-473D-8EB4-5981A3B106D1}"
EndProject
Project("{2150E333-8FDC-42A3-9474-1A3956D46DE8}") = "SideScroller", "SideScroller", "{C9EEEBAF-0834-45B0-8EF2-4FC01C978ACD}"
EndProject
Project("{2150E333-8FDC-42A3-9474-1A3956D46DE8}") = "SingleScreen", "SingleScreen", "{FFF379A5-C2C0-4AE0-94D1-8A1E11050139}"
EndProject
Project("{2150E333-8FDC-42A3-9474-1A3956D46DE8}") = "RPG", "RPG", "{B7A0FE7E-9CCC-456B-8424-0BA1A156C84B}"
EndProject
Project("{2150E333-8FDC-42A3-9474-1A3956D46DE8}") = "TopDown", "TopDown", "{FB66C83F-E341-4A4B-95C1-5EE260DD4111}"
EndProject
Project("{FAE04EC0-301F-11D3-BF4B-00C04F79EFBC}") = "Jumper1", "App\Games\SideScroller\Jumper1\Jumper1.csproj", "{41A4B36F-E3E2-49BA-99DF-370B40FB5164}"
EndProject
Global
	GlobalSection(SolutionConfigurationPlatforms) = preSolution
		Debug|x86 = Debug|x86
		Release|x86 = Release|x86
	EndGlobalSection
	GlobalSection(ProjectConfigurationPlatforms) = postSolution
		{41A4B36F-E3E2-49BA-99DF-370B40FB5164}.Debug|x86.ActiveCfg = Debug|x86
		{41A4B36F-E3E2-49BA-99DF-370B40FB5164}.Debug|x86.Build.0 = Debug|x86
		{41A4B36F-E3E2-49BA-99DF-370B40FB5164}.Release|x86.ActiveCfg = Release|x86
		{41A4B36F-E3E2-49BA-99DF-370B40FB5164}.Release|x86.Build.0 = Release|x86
	EndGlobalSection
	GlobalSection(SolutionProperties) = preSolution
		HideSolutionNode = FALSE
	EndGlobalSection
	GlobalSection(NestedProjects) = preSolution
		{EE95B776-81FA-4D52-A580-11DC22B76688} = {E569F66A-DEA9-4F1C-BFDD-1AFD45F05699}
		{3FB78F5C-322D-49E1-9506-50DAC05CBC80} = {EE95B776-81FA-4D52-A580-11DC22B76688}
		{53FA1A87-4402-4978-AE27-1F3926A87A06} = {EE95B776-81FA-4D52-A580-11DC22B76688}
		{C227705E-7785-4CDE-AD9A-4144CA0C91F0} = {EE95B776-81FA-4D52-A580-11DC22B76688}
		{AB1ABACD-22E5-473D-8EB4-5981A3B106D1} = {EE95B776-81FA-4D52-A580-11DC22B76688}
		{C9EEEBAF-0834-45B0-8EF2-4FC01C978ACD} = {EE95B776-81FA-4D52-A580-11DC22B76688}
		{FFF379A5-C2C0-4AE0-94D1-8A1E11050139} = {EE95B776-81FA-4D52-A580-11DC22B76688}
		{B7A0FE7E-9CCC-456B-8424-0BA1A156C84B} = {EE95B776-81FA-4D52-A580-11DC22B76688}
		{FB66C83F-E341-4A4B-95C1-5EE260DD4111} = {EE95B776-81FA-4D52-A580-11DC22B76688}
		{41A4B36F-E3E2-49BA-99DF-370B40FB5164} = {C9EEEBAF-0834-45B0-8EF2-4FC01C978ACD}
	EndGlobalSection
	GlobalSection(ExtensibilityGlobals) = postSolution
		SolutionGuid = {5DD71F17-423D-4C63-BA73-0D21D9960694}
	EndGlobalSection
EndGlobal
